{
  "nodes": {
    "firefox-addons": {
      "inputs": {
        "nixpkgs": [
          "nixpkgs"
        ]
      },
      "locked": {
        "dir": "pkgs/firefox-addons",
        "lastModified": 1778472179,
        "narHash": "sha256-mYUH8EIYO15YBYq/N4nSJvAHP/oMn/5CxkmhHN2tCBU=",
        "owner": "rycee",
        "repo": "nur-expressions",
        "rev": "5ba32df13fe1314313f7377638e6e21ff13b4485",
        "type": "gitlab"
      },
      "original": {
        "dir": "pkgs/firefox-addons",
        "owner": "rycee",
        "repo": "nur-expressions",
        "type": "gitlab"
      }
    },
    "home-manager": {
      "inputs": {
        "nixpkgs": [
          "nixpkgs"
        ]
      },
      "locked": {
        "lastModified": 1778444552,
        "narHash": "sha256-f18pIiR9q/p1vHY93gmAum7aHhQOG49oGvAB9+lptRo=",
        "owner": "nix-community",
        "repo": "home-manager",
        "rev": "dcebe66f958673729896eec2de4abfd86ef22d21",
        "type": "github"
      },
      "original": {
        "owner": "nix-community",
        "ref": "master",
        "repo": "home-manager",
        "type": "github"
      }
    },
    "nixpkgs": {
      "locked": {
        "lastModified": 1777954456,
        "narHash": "sha256-hGdgeU2Nk87RAuZyYjyDjFL6LK7dAZN5RE9+hrDTkDU=",
        "owner": "nixos",
        "repo": "nixpkgs",
        "rev": "549bd84d6279f9852cae6225e372cc67fb91a4c1",
        "type": "github"
      },
      "original": {
        "owner": "nixos",
        "ref": "nixos-unstable",
        "repo": "nixpkgs",
        "type": "github"
      }
    },
    "root": {
      "inputs": {
        "firefox-addons": "firefox-addons",
        "home-manager": "home-manager",
        "nixpkgs": "nixpkgs",
        "waybar-auto-hide": "waybar-auto-hide"
      }
    },
    "waybar-auto-hide": {
      "flake": false,
      "locked": {
        "lastModified": 1773226247,
        "narHash": "sha256-0pAy5PkdZy2c4XBOArSpoO2JFmNYYMqCn0cuIigmDwc=",
        "owner": "Zephirus2",
        "repo": "waybar_auto_hide",
        "rev": "0c9bbe6a8275b66d69295cb84aeb276fb6575643",
        "type": "github"
      },
      "original": {
        "owner": "Zephirus2",
        "repo": "waybar_auto_hide",
        "type": "github"
      }
    }
  },
  "root": "root",
  "version": 7
}
